// !$*UTF8*$!
{
	archiveVersion = 1;
	classes = {
	};
	objectVersion = 52;
	objects = {

/* Begin PBXBuildFile section */
		6619257425FA3B5C002F4D2A /* Introspect in Frameworks */ = {isa = PBXBuildFile; productRef = 6619257325FA3B5C002F4D2A /* Introspect */; };
		6619257C25FA3C45002F4D2A /* PageScrollView.swift in Sources */ = {isa = PBXBuildFile; fileRef = 6619257B25FA3C45002F4D2A /* PageScrollView.swift */; };
		6622391E25F951F800CDFB7B /* AccountTab.swift in Sources */ = {isa = PBXBuildFile; fileRef = 6622391D25F951F800CDFB7B /* AccountTab.swift */; };
		6622392325F952B000CDFB7B /* PayLeashApp.swift in Sources */ = {isa = PBXBuildFile; fileRef = 6622392225F952B000CDFB7B /* PayLeashApp.swift */; };
		665408C525F21DAB00125A4F /* View+Extensions.swift in Sources */ = {isa = PBXBuildFile; fileRef = 665408C425F21DAB00125A4F /* View+Extensions.swift */; };
		665408CE25F29AA700125A4F /* SwiftDate in Frameworks */ = {isa = PBXBuildFile; productRef = 665408CD25F29AA700125A4F /* SwiftDate */; };
		665408D625F2A4EE00125A4F /* Date+Extensions.swift in Sources */ = {isa = PBXBuildFile; fileRef = 665408D525F2A4EE00125A4F /* Date+Extensions.swift */; };
		665D624325E5657400E6D42A /* Colors.xcassets in Resources */ = {isa = PBXBuildFile; fileRef = 665D624225E5657400E6D42A /* Colors.xcassets */; };
		665D624825E5676900E6D42A /* Colors.swift in Sources */ = {isa = PBXBuildFile; fileRef = 665D624725E5676900E6D42A /* Colors.swift */; };
		665D625425E5761300E6D42A /* TransactionBudgetLine.swift in Sources */ = {isa = PBXBuildFile; fileRef = 665D625325E5761300E6D42A /* TransactionBudgetLine.swift */; };
		665D625A25E5769F00E6D42A /* Budget.swift in Sources */ = {isa = PBXBuildFile; fileRef = 665D625925E5769F00E6D42A /* Budget.swift */; };
		665D626525E576D300E6D42A /* BudgetInterval.swift in Sources */ = {isa = PBXBuildFile; fileRef = 665D626425E576D300E6D42A /* BudgetInterval.swift */; };
		665EA4E625FD094800F4AC98 /* PageScrollView+Controller.swift in Sources */ = {isa = PBXBuildFile; fileRef = 665EA4E525FD094800F4AC98 /* PageScrollView+Controller.swift */; };
		665EA4EB25FD10C200F4AC98 /* Combine+Extensions.swift in Sources */ = {isa = PBXBuildFile; fileRef = 665EA4EA25FD10C200F4AC98 /* Combine+Extensions.swift */; };
		6696DA1D2603CDB30077822E /* ComplexPicker.swift in Sources */ = {isa = PBXBuildFile; fileRef = 6696DA1C2603CDB30077822E /* ComplexPicker.swift */; };
		66A3C43025FD435F00A67A6D /* AccountCardView.swift in Sources */ = {isa = PBXBuildFile; fileRef = 66A3C42F25FD435F00A67A6D /* AccountCardView.swift */; };
		66A3C43F25FE2B7600A67A6D /* Account+CoreDataClass.swift in Sources */ = {isa = PBXBuildFile; fileRef = 66A3C43725FE2B7600A67A6D /* Account+CoreDataClass.swift */; };
		66A3C44025FE2B7600A67A6D /* Account+CoreDataProperties.swift in Sources */ = {isa = PBXBuildFile; fileRef = 66A3C43825FE2B7600A67A6D /* Account+CoreDataProperties.swift */; };
		66A3C44125FE2B7600A67A6D /* BalanceChange+CoreDataClass.swift in Sources */ = {isa = PBXBuildFile; fileRef = 66A3C43925FE2B7600A67A6D /* BalanceChange+CoreDataClass.swift */; };
		66A3C44225FE2B7600A67A6D /* BalanceChange+CoreDataProperties.swift in Sources */ = {isa = PBXBuildFile; fileRef = 66A3C43A25FE2B7600A67A6D /* BalanceChange+CoreDataProperties.swift */; };
		66A3C44525FE2B7600A67A6D /* Currency+CoreDataClass.swift in Sources */ = {isa = PBXBuildFile; fileRef = 66A3C43D25FE2B7600A67A6D /* Currency+CoreDataClass.swift */; };
		66A3C44625FE2B7600A67A6D /* Currency+CoreDataProperties.swift in Sources */ = {isa = PBXBuildFile; fileRef = 66A3C43E25FE2B7600A67A6D /* Currency+CoreDataProperties.swift */; };
		66A3C45825FE438600A67A6D /* CoreData+ExampleData.swift in Sources */ = {isa = PBXBuildFile; fileRef = 66A3C45725FE438600A67A6D /* CoreData+ExampleData.swift */; };
		66A3C46025FE47FC00A67A6D /* AccountCardView+Model.swift in Sources */ = {isa = PBXBuildFile; fileRef = 66A3C45F25FE47FC00A67A6D /* AccountCardView+Model.swift */; };
		66A3C46625FF9AF500A67A6D /* BottomSheet.swift in Sources */ = {isa = PBXBuildFile; fileRef = 66A3C46525FF9AF500A67A6D /* BottomSheet.swift */; };
		66A7AF1125E6C92900AB780B /* Formatters.swift in Sources */ = {isa = PBXBuildFile; fileRef = 66A7AF1025E6C92900AB780B /* Formatters.swift */; };
		66C987BC25E5B02900E0DE78 /* Transitions.swift in Sources */ = {isa = PBXBuildFile; fileRef = 66C987BB25E5B02900E0DE78 /* Transitions.swift */; };
		66F9002225E56411009F961F /* AppDelegate.swift in Sources */ = {isa = PBXBuildFile; fileRef = 66F9002125E56411009F961F /* AppDelegate.swift */; };
		66F9002425E56411009F961F /* SceneDelegate.swift in Sources */ = {isa = PBXBuildFile; fileRef = 66F9002325E56411009F961F /* SceneDelegate.swift */; };
		66F9002625E56411009F961F /* ContentView.swift in Sources */ = {isa = PBXBuildFile; fileRef = 66F9002525E56411009F961F /* ContentView.swift */; };
		66F9002925E56411009F961F /* PayLeash.xcdatamodeld in Sources */ = {isa = PBXBuildFile; fileRef = 66F9002725E56411009F961F /* PayLeash.xcdatamodeld */; };
		66F9002B25E56413009F961F /* Assets.xcassets in Resources */ = {isa = PBXBuildFile; fileRef = 66F9002A25E56413009F961F /* Assets.xcassets */; };
		66F9002E25E56413009F961F /* Preview Assets.xcassets in Resources */ = {isa = PBXBuildFile; fileRef = 66F9002D25E56413009F961F /* Preview Assets.xcassets */; };
		66F9003125E56413009F961F /* LaunchScreen.storyboard in Resources */ = {isa = PBXBuildFile; fileRef = 66F9002F25E56413009F961F /* LaunchScreen.storyboard */; };
		66F9003C25E56413009F961F /* PayLeashTests.swift in Sources */ = {isa = PBXBuildFile; fileRef = 66F9003B25E56413009F961F /* PayLeashTests.swift */; };
		66F9004725E56413009F961F /* PayLeashUITests.swift in Sources */ = {isa = PBXBuildFile; fileRef = 66F9004625E56413009F961F /* PayLeashUITests.swift */; };
		66F9005925E56436009F961F /* TransactionView.swift in Sources */ = {isa = PBXBuildFile; fileRef = 66F9005825E56436009F961F /* TransactionView.swift */; };
		66FAFAFC2603A9C8002D6A40 /* TransactionCategory+CoreDataClass.swift in Sources */ = {isa = PBXBuildFile; fileRef = 66FAFAFA2603A9C8002D6A40 /* TransactionCategory+CoreDataClass.swift */; };
		66FAFAFD2603A9C8002D6A40 /* TransactionCategory+CoreDataProperties.swift in Sources */ = {isa = PBXBuildFile; fileRef = 66FAFAFB2603A9C8002D6A40 /* TransactionCategory+CoreDataProperties.swift */; };
/* End PBXBuildFile section */

/* Begin PBXContainerItemProxy section */
		66F9003825E56413009F961F /* PBXContainerItemProxy */ = {
			isa = PBXContainerItemProxy;
			containerPortal = 66F9001625E56411009F961F /* Project object */;
			proxyType = 1;
			remoteGlobalIDString = 66F9001D25E56411009F961F;
			remoteInfo = PayLeash;
		};
		66F9004325E56413009F961F /* PBXContainerItemProxy */ = {
			isa = PBXContainerItemProxy;
			containerPortal = 66F9001625E56411009F961F /* Project object */;
			proxyType = 1;
			remoteGlobalIDString = 66F9001D25E56411009F961F;
			remoteInfo = PayLeash;
		};
/* End PBXContainerItemProxy section */

/* Begin PBXFileReference section */
		6619257B25FA3C45002F4D2A /* PageScrollView.swift */ = {isa = PBXFileReference; lastKnownFileType = sourcecode.swift; path = PageScrollView.swift; sourceTree = "<group>"; };
		6622391D25F951F800CDFB7B /* AccountTab.swift */ = {isa = PBXFileReference; lastKnownFileType = sourcecode.swift; path = AccountTab.swift; sourceTree = "<group>"; };
		6622392225F952B000CDFB7B /* PayLeashApp.swift */ = {isa = PBXFileReference; lastKnownFileType = sourcecode.swift; path = PayLeashApp.swift; sourceTree = "<group>"; };
		665408C425F21DAB00125A4F /* View+Extensions.swift */ = {isa = PBXFileReference; lastKnownFileType = sourcecode.swift; path = "View+Extensions.swift"; sourceTree = "<group>"; };
		665408D525F2A4EE00125A4F /* Date+Extensions.swift */ = {isa = PBXFileReference; lastKnownFileType = sourcecode.swift; path = "Date+Extensions.swift"; sourceTree = "<group>"; };
		665D624225E5657400E6D42A /* Colors.xcassets */ = {isa = PBXFileReference; lastKnownFileType = folder.assetcatalog; path = Colors.xcassets; sourceTree = "<group>"; };
		665D624725E5676900E6D42A /* Colors.swift */ = {isa = PBXFileReference; lastKnownFileType = sourcecode.swift; path = Colors.swift; sourceTree = "<group>"; };
		665D625325E5761300E6D42A /* TransactionBudgetLine.swift */ = {isa = PBXFileReference; lastKnownFileType = sourcecode.swift; path = TransactionBudgetLine.swift; sourceTree = "<group>"; };
		665D625925E5769F00E6D42A /* Budget.swift */ = {isa = PBXFileReference; lastKnownFileType = sourcecode.swift; path = Budget.swift; sourceTree = "<group>"; };
		665D626425E576D300E6D42A /* BudgetInterval.swift */ = {isa = PBXFileReference; lastKnownFileType = sourcecode.swift; path = BudgetInterval.swift; sourceTree = "<group>"; };
		665EA4E525FD094800F4AC98 /* PageScrollView+Controller.swift */ = {isa = PBXFileReference; lastKnownFileType = sourcecode.swift; path = "PageScrollView+Controller.swift"; sourceTree = "<group>"; };
		665EA4EA25FD10C200F4AC98 /* Combine+Extensions.swift */ = {isa = PBXFileReference; lastKnownFileType = sourcecode.swift; path = "Combine+Extensions.swift"; sourceTree = "<group>"; };
		6696DA1C2603CDB30077822E /* ComplexPicker.swift */ = {isa = PBXFileReference; lastKnownFileType = sourcecode.swift; path = ComplexPicker.swift; sourceTree = "<group>"; };
		66A3C42F25FD435F00A67A6D /* AccountCardView.swift */ = {isa = PBXFileReference; lastKnownFileType = sourcecode.swift; path = AccountCardView.swift; sourceTree = "<group>"; };
		66A3C43725FE2B7600A67A6D /* Account+CoreDataClass.swift */ = {isa = PBXFileReference; lastKnownFileType = sourcecode.swift; path = "Account+CoreDataClass.swift"; sourceTree = "<group>"; };
		66A3C43825FE2B7600A67A6D /* Account+CoreDataProperties.swift */ = {isa = PBXFileReference; lastKnownFileType = sourcecode.swift; path = "Account+CoreDataProperties.swift"; sourceTree = "<group>"; };
		66A3C43925FE2B7600A67A6D /* BalanceChange+CoreDataClass.swift */ = {isa = PBXFileReference; lastKnownFileType = sourcecode.swift; path = "BalanceChange+CoreDataClass.swift"; sourceTree = "<group>"; };
		66A3C43A25FE2B7600A67A6D /* BalanceChange+CoreDataProperties.swift */ = {isa = PBXFileReference; lastKnownFileType = sourcecode.swift; path = "BalanceChange+CoreDataProperties.swift"; sourceTree = "<group>"; };
		66A3C43D25FE2B7600A67A6D /* Currency+CoreDataClass.swift */ = {isa = PBXFileReference; lastKnownFileType = sourcecode.swift; path = "Currency+CoreDataClass.swift"; sourceTree = "<group>"; };
		66A3C43E25FE2B7600A67A6D /* Currency+CoreDataProperties.swift */ = {isa = PBXFileReference; lastKnownFileType = sourcecode.swift; path = "Currency+CoreDataProperties.swift"; sourceTree = "<group>"; };
		66A3C45725FE438600A67A6D /* CoreData+ExampleData.swift */ = {isa = PBXFileReference; lastKnownFileType = sourcecode.swift; path = "CoreData+ExampleData.swift"; sourceTree = "<group>"; };
		66A3C45F25FE47FC00A67A6D /* AccountCardView+Model.swift */ = {isa = PBXFileReference; lastKnownFileType = sourcecode.swift; path = "AccountCardView+Model.swift"; sourceTree = "<group>"; };
		66A3C46525FF9AF500A67A6D /* BottomSheet.swift */ = {isa = PBXFileReference; lastKnownFileType = sourcecode.swift; path = BottomSheet.swift; sourceTree = "<group>"; };
		66A7AF1025E6C92900AB780B /* Formatters.swift */ = {isa = PBXFileReference; lastKnownFileType = sourcecode.swift; path = Formatters.swift; sourceTree = "<group>"; };
		66C987BB25E5B02900E0DE78 /* Transitions.swift */ = {isa = PBXFileReference; lastKnownFileType = sourcecode.swift; path = Transitions.swift; sourceTree = "<group>"; };
		66F9001E25E56411009F961F /* PayLeash.app */ = {isa = PBXFileReference; explicitFileType = wrapper.application; includeInIndex = 0; path = PayLeash.app; sourceTree = BUILT_PRODUCTS_DIR; };
		66F9002125E56411009F961F /* AppDelegate.swift */ = {isa = PBXFileReference; lastKnownFileType = sourcecode.swift; path = AppDelegate.swift; sourceTree = "<group>"; };
		66F9002325E56411009F961F /* SceneDelegate.swift */ = {isa = PBXFileReference; lastKnownFileType = sourcecode.swift; path = SceneDelegate.swift; sourceTree = "<group>"; };
		66F9002525E56411009F961F /* ContentView.swift */ = {isa = PBXFileReference; lastKnownFileType = sourcecode.swift; path = ContentView.swift; sourceTree = "<group>"; };
		66F9002825E56411009F961F /* PayLeash.xcdatamodel */ = {isa = PBXFileReference; lastKnownFileType = wrapper.xcdatamodel; path = PayLeash.xcdatamodel; sourceTree = "<group>"; };
		66F9002A25E56413009F961F /* Assets.xcassets */ = {isa = PBXFileReference; lastKnownFileType = folder.assetcatalog; path = Assets.xcassets; sourceTree = "<group>"; };
		66F9002D25E56413009F961F /* Preview Assets.xcassets */ = {isa = PBXFileReference; lastKnownFileType = folder.assetcatalog; path = "Preview Assets.xcassets"; sourceTree = "<group>"; };
		66F9003025E56413009F961F /* Base */ = {isa = PBXFileReference; lastKnownFileType = file.storyboard; name = Base; path = Base.lproj/LaunchScreen.storyboard; sourceTree = "<group>"; };
		66F9003225E56413009F961F /* Info.plist */ = {isa = PBXFileReference; lastKnownFileType = text.plist.xml; path = Info.plist; sourceTree = "<group>"; };
		66F9003725E56413009F961F /* PayLeashTests.xctest */ = {isa = PBXFileReference; explicitFileType = wrapper.cfbundle; includeInIndex = 0; path = PayLeashTests.xctest; sourceTree = BUILT_PRODUCTS_DIR; };
		66F9003B25E56413009F961F /* PayLeashTests.swift */ = {isa = PBXFileReference; lastKnownFileType = sourcecode.swift; path = PayLeashTests.swift; sourceTree = "<group>"; };
		66F9003D25E56413009F961F /* Info.plist */ = {isa = PBXFileReference; lastKnownFileType = text.plist.xml; path = Info.plist; sourceTree = "<group>"; };
		66F9004225E56413009F961F /* PayLeashUITests.xctest */ = {isa = PBXFileReference; explicitFileType = wrapper.cfbundle; includeInIndex = 0; path = PayLeashUITests.xctest; sourceTree = BUILT_PRODUCTS_DIR; };
		66F9004625E56413009F961F /* PayLeashUITests.swift */ = {isa = PBXFileReference; lastKnownFileType = sourcecode.swift; path = PayLeashUITests.swift; sourceTree = "<group>"; };
		66F9004825E56413009F961F /* Info.plist */ = {isa = PBXFileReference; lastKnownFileType = text.plist.xml; path = Info.plist; sourceTree = "<group>"; };
		66F9005825E56436009F961F /* TransactionView.swift */ = {isa = PBXFileReference; lastKnownFileType = sourcecode.swift; path = TransactionView.swift; sourceTree = "<group>"; };
		66FAFAFA2603A9C8002D6A40 /* TransactionCategory+CoreDataClass.swift */ = {isa = PBXFileReference; lastKnownFileType = sourcecode.swift; path = "TransactionCategory+CoreDataClass.swift"; sourceTree = "<group>"; };
		66FAFAFB2603A9C8002D6A40 /* TransactionCategory+CoreDataProperties.swift */ = {isa = PBXFileReference; lastKnownFileType = sourcecode.swift; path = "TransactionCategory+CoreDataProperties.swift"; sourceTree = "<group>"; };
/* End PBXFileReference section */

/* Begin PBXFrameworksBuildPhase section */
		66F9001B25E56411009F961F /* Frameworks */ = {
			isa = PBXFrameworksBuildPhase;
			buildActionMask = 2147483647;
			files = (
				665408CE25F29AA700125A4F /* SwiftDate in Frameworks */,
				6619257425FA3B5C002F4D2A /* Introspect in Frameworks */,
			);
			runOnlyForDeploymentPostprocessing = 0;
		};
		66F9003425E56413009F961F /* Frameworks */ = {
			isa = PBXFrameworksBuildPhase;
			buildActionMask = 2147483647;
			files = (
			);
			runOnlyForDeploymentPostprocessing = 0;
		};
		66F9003F25E56413009F961F /* Frameworks */ = {
			isa = PBXFrameworksBuildPhase;
			buildActionMask = 2147483647;
			files = (
			);
			runOnlyForDeploymentPostprocessing = 0;
		};
/* End PBXFrameworksBuildPhase section */

/* Begin PBXGroup section */
		6622394B25F954C900CDFB7B /* App Lifecycle */ = {
			isa = PBXGroup;
			children = (
				66F9002125E56411009F961F /* AppDelegate.swift */,
				66F9002325E56411009F961F /* SceneDelegate.swift */,
				6622392225F952B000CDFB7B /* PayLeashApp.swift */,
			);
			path = "App Lifecycle";
			sourceTree = "<group>";
		};
		6622394F25F95AC100CDFB7B /* PageView */ = {
			isa = PBXGroup;
			children = (
				6619257B25FA3C45002F4D2A /* PageScrollView.swift */,
				665EA4E525FD094800F4AC98 /* PageScrollView+Controller.swift */,
			);
			path = PageView;
			sourceTree = "<group>";
		};
		665D625825E5769300E6D42A /* Model */ = {
			isa = PBXGroup;
			children = (
				66A3C45625FE437300A67A6D /* Example Data */,
				66A3C43725FE2B7600A67A6D /* Account+CoreDataClass.swift */,
				66A3C43825FE2B7600A67A6D /* Account+CoreDataProperties.swift */,
				66A3C43925FE2B7600A67A6D /* BalanceChange+CoreDataClass.swift */,
				66A3C43A25FE2B7600A67A6D /* BalanceChange+CoreDataProperties.swift */,
				66FAFAFA2603A9C8002D6A40 /* TransactionCategory+CoreDataClass.swift */,
				66FAFAFB2603A9C8002D6A40 /* TransactionCategory+CoreDataProperties.swift */,
				66A3C43D25FE2B7600A67A6D /* Currency+CoreDataClass.swift */,
				66A3C43E25FE2B7600A67A6D /* Currency+CoreDataProperties.swift */,
				665D625925E5769F00E6D42A /* Budget.swift */,
				665D626425E576D300E6D42A /* BudgetInterval.swift */,
			);
			path = Model;
			sourceTree = "<group>";
		};
		6696DA1B2603CDA20077822E /* ComplexPicker */ = {
			isa = PBXGroup;
			children = (
				6696DA1C2603CDB30077822E /* ComplexPicker.swift */,
			);
			path = ComplexPicker;
			sourceTree = "<group>";
		};
		6696DA242603D3620077822E /* Property Wrappers */ = {
			isa = PBXGroup;
			children = (
			);
			path = "Property Wrappers";
			sourceTree = "<group>";
		};
		66A3C45625FE437300A67A6D /* Example Data */ = {
			isa = PBXGroup;
			children = (
				66A3C45725FE438600A67A6D /* CoreData+ExampleData.swift */,
			);
			path = "Example Data";
			sourceTree = "<group>";
		};
		66A3C46425FF9AE600A67A6D /* BottomSheet */ = {
			isa = PBXGroup;
			children = (
				66A3C46525FF9AF500A67A6D /* BottomSheet.swift */,
			);
			path = BottomSheet;
			sourceTree = "<group>";
		};
		66C987BA25E5B01A00E0DE78 /* SwiftUI Extensions */ = {
			isa = PBXGroup;
			children = (
				6696DA242603D3620077822E /* Property Wrappers */,
				6696DA1B2603CDA20077822E /* ComplexPicker */,
				66A3C46425FF9AE600A67A6D /* BottomSheet */,
				6622394F25F95AC100CDFB7B /* PageView */,
				66C987BB25E5B02900E0DE78 /* Transitions.swift */,
				66A7AF1025E6C92900AB780B /* Formatters.swift */,
				665408C425F21DAB00125A4F /* View+Extensions.swift */,
				665408D525F2A4EE00125A4F /* Date+Extensions.swift */,
				665EA4EA25FD10C200F4AC98 /* Combine+Extensions.swift */,
			);
			path = "SwiftUI Extensions";
			sourceTree = "<group>";
		};
		66F9001525E56411009F961F = {
			isa = PBXGroup;
			children = (
				66F9002025E56411009F961F /* PayLeash */,
				66F9003A25E56413009F961F /* PayLeashTests */,
				66F9004525E56413009F961F /* PayLeashUITests */,
				66F9001F25E56411009F961F /* Products */,
			);
			sourceTree = "<group>";
		};
		66F9001F25E56411009F961F /* Products */ = {
			isa = PBXGroup;
			children = (
				66F9001E25E56411009F961F /* PayLeash.app */,
				66F9003725E56413009F961F /* PayLeashTests.xctest */,
				66F9004225E56413009F961F /* PayLeashUITests.xctest */,
			);
			name = Products;
			sourceTree = "<group>";
		};
		66F9002025E56411009F961F /* PayLeash */ = {
			isa = PBXGroup;
			children = (
				6622394B25F954C900CDFB7B /* App Lifecycle */,
				66C987BA25E5B01A00E0DE78 /* SwiftUI Extensions */,
				665D625825E5769300E6D42A /* Model */,
				66F9005725E56422009F961F /* Accounts Tab */,
				66F9002525E56411009F961F /* ContentView.swift */,
				66F9002A25E56413009F961F /* Assets.xcassets */,
				66F9002F25E56413009F961F /* LaunchScreen.storyboard */,
				66F9003225E56413009F961F /* Info.plist */,
				66F9002725E56411009F961F /* PayLeash.xcdatamodeld */,
				66F9002C25E56413009F961F /* Preview Content */,
				665D624225E5657400E6D42A /* Colors.xcassets */,
				665D624725E5676900E6D42A /* Colors.swift */,
			);
			path = PayLeash;
			sourceTree = "<group>";
		};
		66F9002C25E56413009F961F /* Preview Content */ = {
			isa = PBXGroup;
			children = (
				66F9002D25E56413009F961F /* Preview Assets.xcassets */,
			);
			path = "Preview Content";
			sourceTree = "<group>";
		};
		66F9003A25E56413009F961F /* PayLeashTests */ = {
			isa = PBXGroup;
			children = (
				66F9003B25E56413009F961F /* PayLeashTests.swift */,
				66F9003D25E56413009F961F /* Info.plist */,
			);
			path = PayLeashTests;
			sourceTree = "<group>";
		};
		66F9004525E56413009F961F /* PayLeashUITests */ = {
			isa = PBXGroup;
			children = (
				66F9004625E56413009F961F /* PayLeashUITests.swift */,
				66F9004825E56413009F961F /* Info.plist */,
			);
			path = PayLeashUITests;
			sourceTree = "<group>";
		};
		66F9005725E56422009F961F /* Accounts Tab */ = {
			isa = PBXGroup;
			children = (
				66F9005825E56436009F961F /* TransactionView.swift */,
				665D625325E5761300E6D42A /* TransactionBudgetLine.swift */,
				6622391D25F951F800CDFB7B /* AccountTab.swift */,
				66A3C42F25FD435F00A67A6D /* AccountCardView.swift */,
				66A3C45F25FE47FC00A67A6D /* AccountCardView+Model.swift */,
			);
			path = "Accounts Tab";
			sourceTree = "<group>";
		};
/* End PBXGroup section */

/* Begin PBXNativeTarget section */
		66F9001D25E56411009F961F /* PayLeash */ = {
			isa = PBXNativeTarget;
			buildConfigurationList = 66F9004B25E56413009F961F /* Build configuration list for PBXNativeTarget "PayLeash" */;
			buildPhases = (
				66F9001A25E56411009F961F /* Sources */,
				66F9001B25E56411009F961F /* Frameworks */,
				66F9001C25E56411009F961F /* Resources */,
			);
			buildRules = (
			);
			dependencies = (
			);
			name = PayLeash;
			packageProductDependencies = (
				665408CD25F29AA700125A4F /* SwiftDate */,
				6619257325FA3B5C002F4D2A /* Introspect */,
			);
			productName = PayLeash;
			productReference = 66F9001E25E56411009F961F /* PayLeash.app */;
			productType = "com.apple.product-type.application";
		};
		66F9003625E56413009F961F /* PayLeashTests */ = {
			isa = PBXNativeTarget;
			buildConfigurationList = 66F9004E25E56413009F961F /* Build configuration list for PBXNativeTarget "PayLeashTests" */;
			buildPhases = (
				66F9003325E56413009F961F /* Sources */,
				66F9003425E56413009F961F /* Frameworks */,
				66F9003525E56413009F961F /* Resources */,
			);
			buildRules = (
			);
			dependencies = (
				66F9003925E56413009F961F /* PBXTargetDependency */,
			);
			name = PayLeashTests;
			productName = PayLeashTests;
			productReference = 66F9003725E56413009F961F /* PayLeashTests.xctest */;
			productType = "com.apple.product-type.bundle.unit-test";
		};
		66F9004125E56413009F961F /* PayLeashUITests */ = {
			isa = PBXNativeTarget;
			buildConfigurationList = 66F9005125E56413009F961F /* Build configuration list for PBXNativeTarget "PayLeashUITests" */;
			buildPhases = (
				66F9003E25E56413009F961F /* Sources */,
				66F9003F25E56413009F961F /* Frameworks */,
				66F9004025E56413009F961F /* Resources */,
			);
			buildRules = (
			);
			dependencies = (
				66F9004425E56413009F961F /* PBXTargetDependency */,
			);
			name = PayLeashUITests;
			productName = PayLeashUITests;
			productReference = 66F9004225E56413009F961F /* PayLeashUITests.xctest */;
			productType = "com.apple.product-type.bundle.ui-testing";
		};
/* End PBXNativeTarget section */

/* Begin PBXProject section */
		66F9001625E56411009F961F /* Project object */ = {
			isa = PBXProject;
			attributes = {
				LastSwiftUpdateCheck = 1240;
				LastUpgradeCheck = 1240;
				TargetAttributes = {
					66F9001D25E56411009F961F = {
						CreatedOnToolsVersion = 12.4;
					};
					66F9003625E56413009F961F = {
						CreatedOnToolsVersion = 12.4;
						TestTargetID = 66F9001D25E56411009F961F;
					};
					66F9004125E56413009F961F = {
						CreatedOnToolsVersion = 12.4;
						TestTargetID = 66F9001D25E56411009F961F;
					};
				};
			};
			buildConfigurationList = 66F9001925E56411009F961F /* Build configuration list for PBXProject "PayLeash" */;
			compatibilityVersion = "Xcode 9.3";
			developmentRegion = en;
			hasScannedForEncodings = 0;
			knownRegions = (
				en,
				Base,
			);
			mainGroup = 66F9001525E56411009F961F;
			packageReferences = (
				665408CC25F29AA700125A4F /* XCRemoteSwiftPackageReference "SwiftDate" */,
				6619257225FA3B5C002F4D2A /* XCRemoteSwiftPackageReference "SwiftUI-Introspect" */,
			);
			productRefGroup = 66F9001F25E56411009F961F /* Products */;
			projectDirPath = "";
			projectRoot = "";
			targets = (
				66F9001D25E56411009F961F /* PayLeash */,
				66F9003625E56413009F961F /* PayLeashTests */,
				66F9004125E56413009F961F /* PayLeashUITests */,
			);
		};
/* End PBXProject section */

/* Begin PBXResourcesBuildPhase section */
		66F9001C25E56411009F961F /* Resources */ = {
			isa = PBXResourcesBuildPhase;
			buildActionMask = 2147483647;
			files = (
				66F9003125E56413009F961F /* LaunchScreen.storyboard in Resources */,
				665D624325E5657400E6D42A /* Colors.xcassets in Resources */,
				66F9002E25E56413009F961F /* Preview Assets.xcassets in Resources */,
				66F9002B25E56413009F961F /* Assets.xcassets in Resources */,
			);
			runOnlyForDeploymentPostprocessing = 0;
		};
		66F9003525E56413009F961F /* Resources */ = {
			isa = PBXResourcesBuildPhase;
			buildActionMask = 2147483647;
			files = (
			);
			runOnlyForDeploymentPostprocessing = 0;
		};
		66F9004025E56413009F961F /* Resources */ = {
			isa = PBXResourcesBuildPhase;
			buildActionMask = 2147483647;
			files = (
			);
			runOnlyForDeploymentPostprocessing = 0;
		};
/* End PBXResourcesBuildPhase section */

/* Begin PBXSourcesBuildPhase section */
		66F9001A25E56411009F961F /* Sources */ = {
			isa = PBXSourcesBuildPhase;
			buildActionMask = 2147483647;
			files = (
				66F9002925E56411009F961F /* PayLeash.xcdatamodeld in Sources */,
				66A3C45825FE438600A67A6D /* CoreData+ExampleData.swift in Sources */,
				665D624825E5676900E6D42A /* Colors.swift in Sources */,
				6696DA1D2603CDB30077822E /* ComplexPicker.swift in Sources */,
				665D626525E576D300E6D42A /* BudgetInterval.swift in Sources */,
				665D625A25E5769F00E6D42A /* Budget.swift in Sources */,
				6622392325F952B000CDFB7B /* PayLeashApp.swift in Sources */,
				66FAFAFD2603A9C8002D6A40 /* TransactionCategory+CoreDataProperties.swift in Sources */,
				665D625425E5761300E6D42A /* TransactionBudgetLine.swift in Sources */,
				66A7AF1125E6C92900AB780B /* Formatters.swift in Sources */,
				6622391E25F951F800CDFB7B /* AccountTab.swift in Sources */,
				66F9002225E56411009F961F /* AppDelegate.swift in Sources */,
				66A3C43025FD435F00A67A6D /* AccountCardView.swift in Sources */,
				66A3C46025FE47FC00A67A6D /* AccountCardView+Model.swift in Sources */,
				665EA4E625FD094800F4AC98 /* PageScrollView+Controller.swift in Sources */,
				66A3C44025FE2B7600A67A6D /* Account+CoreDataProperties.swift in Sources */,
				66F9005925E56436009F961F /* TransactionView.swift in Sources */,
				66A3C46625FF9AF500A67A6D /* BottomSheet.swift in Sources */,
				665408D625F2A4EE00125A4F /* Date+Extensions.swift in Sources */,
				665408C525F21DAB00125A4F /* View+Extensions.swift in Sources */,
				66A3C44225FE2B7600A67A6D /* BalanceChange+CoreDataProperties.swift in Sources */,
				66C987BC25E5B02900E0DE78 /* Transitions.swift in Sources */,
				66A3C43F25FE2B7600A67A6D /* Account+CoreDataClass.swift in Sources */,
				66A3C44525FE2B7600A67A6D /* Currency+CoreDataClass.swift in Sources */,
				66F9002425E56411009F961F /* SceneDelegate.swift in Sources */,
				6619257C25FA3C45002F4D2A /* PageScrollView.swift in Sources */,
				66A3C44125FE2B7600A67A6D /* BalanceChange+CoreDataClass.swift in Sources */,
				66F9002625E56411009F961F /* ContentView.swift in Sources */,
				66FAFAFC2603A9C8002D6A40 /* TransactionCategory+CoreDataClass.swift in Sources */,
				66A3C44625FE2B7600A67A6D /* Currency+CoreDataProperties.swift in Sources */,
				665EA4EB25FD10C200F4AC98 /* Combine+Extensions.swift in Sources */,
			);
			runOnlyForDeploymentPostprocessing = 0;
		};
		66F9003325E56413009F961F /* Sources */ = {
			isa = PBXSourcesBuildPhase;
			buildActionMask = 2147483647;
			files = (
				66F9003C25E56413009F961F /* PayLeashTests.swift in Sources */,
			);
			runOnlyForDeploymentPostprocessing = 0;
		};
		66F9003E25E56413009F961F /* Sources */ = {
			isa = PBXSourcesBuildPhase;
			buildActionMask = 2147483647;
			files = (
				66F9004725E56413009F961F /* PayLeashUITests.swift in Sources */,
			);
			runOnlyForDeploymentPostprocessing = 0;
		};
/* End PBXSourcesBuildPhase section */

/* Begin PBXTargetDependency section */
		66F9003925E56413009F961F /* PBXTargetDependency */ = {
			isa = PBXTargetDependency;
			target = 66F9001D25E56411009F961F /* PayLeash */;
			targetProxy = 66F9003825E56413009F961F /* PBXContainerItemProxy */;
		};
		66F9004425E56413009F961F /* PBXTargetDependency */ = {
			isa = PBXTargetDependency;
			target = 66F9001D25E56411009F961F /* PayLeash */;
			targetProxy = 66F9004325E56413009F961F /* PBXContainerItemProxy */;
		};
/* End PBXTargetDependency section */

/* Begin PBXVariantGroup section */
		66F9002F25E56413009F961F /* LaunchScreen.storyboard */ = {
			isa = PBXVariantGroup;
			children = (
				66F9003025E56413009F961F /* Base */,
			);
			name = LaunchScreen.storyboard;
			sourceTree = "<group>";
		};
/* End PBXVariantGroup section */

/* Begin XCBuildConfiguration section */
		66F9004925E56413009F961F /* Debug */ = {
			isa = XCBuildConfiguration;
			buildSettings = {
				ALWAYS_SEARCH_USER_PATHS = NO;
				CLANG_ANALYZER_LOCALIZABILITY_NONLOCALIZED = YES;
				CLANG_ANALYZER_NONNULL = YES;
				CLANG_ANALYZER_NUMBER_OBJECT_CONVERSION = YES_AGGRESSIVE;
				CLANG_CXX_LANGUAGE_STANDARD = "gnu++14";
				CLANG_CXX_LIBRARY = "libc++";
				CLANG_ENABLE_MODULES = YES;
				CLANG_ENABLE_OBJC_ARC = YES;
				CLANG_ENABLE_OBJC_WEAK = YES;
				CLANG_WARN_BLOCK_CAPTURE_AUTORELEASING = YES;
				CLANG_WARN_BOOL_CONVERSION = YES;
				CLANG_WARN_COMMA = YES;
				CLANG_WARN_CONSTANT_CONVERSION = YES;
				CLANG_WARN_DEPRECATED_OBJC_IMPLEMENTATIONS = YES;
				CLANG_WARN_DIRECT_OBJC_ISA_USAGE = YES_ERROR;
				CLANG_WARN_DOCUMENTATION_COMMENTS = YES;
				CLANG_WARN_EMPTY_BODY = YES;
				CLANG_WARN_ENUM_CONVERSION = YES;
				CLANG_WARN_INFINITE_RECURSION = YES;
				CLANG_WARN_INT_CONVERSION = YES;
				CLANG_WARN_NON_LITERAL_NULL_CONVERSION = YES;
				CLANG_WARN_OBJC_IMPLICIT_RETAIN_SELF = YES;
				CLANG_WARN_OBJC_LITERAL_CONVERSION = YES;
				CLANG_WARN_OBJC_ROOT_CLASS = YES_ERROR;
				CLANG_WARN_QUOTED_INCLUDE_IN_FRAMEWORK_HEADER = YES;
				CLANG_WARN_RANGE_LOOP_ANALYSIS = YES;
				CLANG_WARN_STRICT_PROTOTYPES = YES;
				CLANG_WARN_SUSPICIOUS_MOVE = YES;
				CLANG_WARN_UNGUARDED_AVAILABILITY = YES_AGGRESSIVE;
				CLANG_WARN_UNREACHABLE_CODE = YES;
				CLANG_WARN__DUPLICATE_METHOD_MATCH = YES;
				COPY_PHASE_STRIP = NO;
				DEBUG_INFORMATION_FORMAT = dwarf;
				ENABLE_STRICT_OBJC_MSGSEND = YES;
				ENABLE_TESTABILITY = YES;
				GCC_C_LANGUAGE_STANDARD = gnu11;
				GCC_DYNAMIC_NO_PIC = NO;
				GCC_NO_COMMON_BLOCKS = YES;
				GCC_OPTIMIZATION_LEVEL = 0;
				GCC_PREPROCESSOR_DEFINITIONS = (
					"DEBUG=1",
					"$(inherited)",
				);
				GCC_WARN_64_TO_32_BIT_CONVERSION = YES;
				GCC_WARN_ABOUT_RETURN_TYPE = YES_ERROR;
				GCC_WARN_UNDECLARED_SELECTOR = YES;
				GCC_WARN_UNINITIALIZED_AUTOS = YES_AGGRESSIVE;
				GCC_WARN_UNUSED_FUNCTION = YES;
				GCC_WARN_UNUSED_VARIABLE = YES;
				IPHONEOS_DEPLOYMENT_TARGET = 14.4;
				MTL_ENABLE_DEBUG_INFO = INCLUDE_SOURCE;
				MTL_FAST_MATH = YES;
				ONLY_ACTIVE_ARCH = YES;
				SDKROOT = iphoneos;
				SWIFT_ACTIVE_COMPILATION_CONDITIONS = DEBUG;
				SWIFT_OPTIMIZATION_LEVEL = "-Onone";
			};
			name = Debug;
		};
		66F9004A25E56413009F961F /* Release */ = {
			isa = XCBuildConfiguration;
			buildSettings = {
				ALWAYS_SEARCH_USER_PATHS = NO;
				CLANG_ANALYZER_LOCALIZABILITY_NONLOCALIZED = YES;
				CLANG_ANALYZER_NONNULL = YES;
				CLANG_ANALYZER_NUMBER_OBJECT_CONVERSION = YES_AGGRESSIVE;
				CLANG_CXX_LANGUAGE_STANDARD = "gnu++14";
				CLANG_CXX_LIBRARY = "libc++";
				CLANG_ENABLE_MODULES = YES;
				CLANG_ENABLE_OBJC_ARC = YES;
				CLANG_ENABLE_OBJC_WEAK = YES;
				CLANG_WARN_BLOCK_CAPTURE_AUTORELEASING = YES;
				CLANG_WARN_BOOL_CONVERSION = YES;
				CLANG_WARN_COMMA = YES;
				CLANG_WARN_CONSTANT_CONVERSION = YES;
				CLANG_WARN_DEPRECATED_OBJC_IMPLEMENTATIONS = YES;
				CLANG_WARN_DIRECT_OBJC_ISA_USAGE = YES_ERROR;
				CLANG_WARN_DOCUMENTATION_COMMENTS = YES;
				CLANG_WARN_EMPTY_BODY = YES;
				CLANG_WARN_ENUM_CONVERSION = YES;
				CLANG_WARN_INFINITE_RECURSION = YES;
				CLANG_WARN_INT_CONVERSION = YES;
				CLANG_WARN_NON_LITERAL_NULL_CONVERSION = YES;
				CLANG_WARN_OBJC_IMPLICIT_RETAIN_SELF = YES;
				CLANG_WARN_OBJC_LITERAL_CONVERSION = YES;
				CLANG_WARN_OBJC_ROOT_CLASS = YES_ERROR;
				CLANG_WARN_QUOTED_INCLUDE_IN_FRAMEWORK_HEADER = YES;
				CLANG_WARN_RANGE_LOOP_ANALYSIS = YES;
				CLANG_WARN_STRICT_PROTOTYPES = YES;
				CLANG_WARN_SUSPICIOUS_MOVE = YES;
				CLANG_WARN_UNGUARDED_AVAILABILITY = YES_AGGRESSIVE;
				CLANG_WARN_UNREACHABLE_CODE = YES;
				CLANG_WARN__DUPLICATE_METHOD_MATCH = YES;
				COPY_PHASE_STRIP = NO;
				DEBUG_INFORMATION_FORMAT = "dwarf-with-dsym";
				ENABLE_NS_ASSERTIONS = NO;
				ENABLE_STRICT_OBJC_MSGSEND = YES;
				GCC_C_LANGUAGE_STANDARD = gnu11;
				GCC_NO_COMMON_BLOCKS = YES;
				GCC_WARN_64_TO_32_BIT_CONVERSION = YES;
				GCC_WARN_ABOUT_RETURN_TYPE = YES_ERROR;
				GCC_WARN_UNDECLARED_SELECTOR = YES;
				GCC_WARN_UNINITIALIZED_AUTOS = YES_AGGRESSIVE;
				GCC_WARN_UNUSED_FUNCTION = YES;
				GCC_WARN_UNUSED_VARIABLE = YES;
				IPHONEOS_DEPLOYMENT_TARGET = 14.4;
				MTL_ENABLE_DEBUG_INFO = NO;
				MTL_FAST_MATH = YES;
				SDKROOT = iphoneos;
				SWIFT_COMPILATION_MODE = wholemodule;
				SWIFT_OPTIMIZATION_LEVEL = "-O";
				VALIDATE_PRODUCT = YES;
			};
			name = Release;
		};
		66F9004C25E56413009F961F /* Debug */ = {
			isa = XCBuildConfiguration;
			buildSettings = {
				ASSETCATALOG_COMPILER_APPICON_NAME = AppIcon;
				ASSETCATALOG_COMPILER_GLOBAL_ACCENT_COLOR_NAME = AccentColor;
				CODE_SIGN_STYLE = Automatic;
				DEVELOPMENT_ASSET_PATHS = "\"PayLeash/Preview Content\"";
				DEVELOPMENT_TEAM = B9J6J6XB6U;
				ENABLE_PREVIEWS = YES;
				INFOPLIST_FILE = PayLeash/Info.plist;
				LD_RUNPATH_SEARCH_PATHS = (
					"$(inherited)",
					"@executable_path/Frameworks",
				);
				PRODUCT_BUNDLE_IDENTIFIER = com.ebuniapps.PayLeash;
				PRODUCT_NAME = "$(TARGET_NAME)";
				SWIFT_VERSION = 5.0;
				TARGETED_DEVICE_FAMILY = "1,2";
			};
			name = Debug;
		};
		66F9004D25E56413009F961F /* Release */ = {
			isa = XCBuildConfiguration;
			buildSettings = {
				ASSETCATALOG_COMPILER_APPICON_NAME = AppIcon;
				ASSETCATALOG_COMPILER_GLOBAL_ACCENT_COLOR_NAME = AccentColor;
				CODE_SIGN_STYLE = Automatic;
				DEVELOPMENT_ASSET_PATHS = "\"PayLeash/Preview Content\"";
				DEVELOPMENT_TEAM = B9J6J6XB6U;
				ENABLE_PREVIEWS = YES;
				INFOPLIST_FILE = PayLeash/Info.plist;
				LD_RUNPATH_SEARCH_PATHS = (
					"$(inherited)",
					"@executable_path/Frameworks",
				);
				PRODUCT_BUNDLE_IDENTIFIER = com.ebuniapps.PayLeash;
				PRODUCT_NAME = "$(TARGET_NAME)";
				SWIFT_VERSION = 5.0;
				TARGETED_DEVICE_FAMILY = "1,2";
			};
			name = Release;
		};
		66F9004F25E56413009F961F /* Debug */ = {
			isa = XCBuildConfiguration;
			buildSettings = {
				ALWAYS_EMBED_SWIFT_STANDARD_LIBRARIES = YES;
				BUNDLE_LOADER = "$(TEST_HOST)";
				CODE_SIGN_STYLE = Automatic;
				DEVELOPMENT_TEAM = B9J6J6XB6U;
				INFOPLIST_FILE = PayLeashTests/Info.plist;
				IPHONEOS_DEPLOYMENT_TARGET = 14.4;
				LD_RUNPATH_SEARCH_PATHS = (
					"$(inherited)",
					"@executable_path/Frameworks",
					"@loader_path/Frameworks",
				);
				PRODUCT_BUNDLE_IDENTIFIER = com.ebuniapps.PayLeashTests;
				PRODUCT_NAME = "$(TARGET_NAME)";
				SWIFT_VERSION = 5.0;
				TARGETED_DEVICE_FAMILY = "1,2";
				TEST_HOST = "$(BUILT_PRODUCTS_DIR)/PayLeash.app/PayLeash";
			};
			name = Debug;
		};
		66F9005025E56413009F961F /* Release */ = {
			isa = XCBuildConfiguration;
			buildSettings = {
				ALWAYS_EMBED_SWIFT_STANDARD_LIBRARIES = YES;
				BUNDLE_LOADER = "$(TEST_HOST)";
				CODE_SIGN_STYLE = Automatic;
				DEVELOPMENT_TEAM = B9J6J6XB6U;
				INFOPLIST_FILE = PayLeashTests/Info.plist;
				IPHONEOS_DEPLOYMENT_TARGET = 14.4;
				LD_RUNPATH_SEARCH_PATHS = (
					"$(inherited)",
					"@executable_path/Frameworks",
					"@loader_path/Frameworks",
				);
				PRODUCT_BUNDLE_IDENTIFIER = com.ebuniapps.PayLeashTests;
				PRODUCT_NAME = "$(TARGET_NAME)";
				SWIFT_VERSION = 5.0;
				TARGETED_DEVICE_FAMILY = "1,2";
				TEST_HOST = "$(BUILT_PRODUCTS_DIR)/PayLeash.app/PayLeash";
			};
			name = Release;
		};
		66F9005225E56413009F961F /* Debug */ = {
			isa = XCBuildConfiguration;
			buildSettings = {
				ALWAYS_EMBED_SWIFT_STANDARD_LIBRARIES = YES;
				CODE_SIGN_STYLE = Automatic;
				DEVELOPMENT_TEAM = B9J6J6XB6U;
				INFOPLIST_FILE = PayLeashUITests/Info.plist;
				LD_RUNPATH_SEARCH_PATHS = (
					"$(inherited)",
					"@executable_path/Frameworks",
					"@loader_path/Frameworks",
				);
				PRODUCT_BUNDLE_IDENTIFIER = com.ebuniapps.PayLeashUITests;
				PRODUCT_NAME = "$(TARGET_NAME)";
				SWIFT_VERSION = 5.0;
				TARGETED_DEVICE_FAMILY = "1,2";
				TEST_TARGET_NAME = PayLeash;
			};
			name = Debug;
		};
		66F9005325E56413009F961F /* Release */ = {
			isa = XCBuildConfiguration;
			buildSettings = {
				ALWAYS_EMBED_SWIFT_STANDARD_LIBRARIES = YES;
				CODE_SIGN_STYLE = Automatic;
				DEVELOPMENT_TEAM = B9J6J6XB6U;
				INFOPLIST_FILE = PayLeashUITests/Info.plist;
				LD_RUNPATH_SEARCH_PATHS = (
					"$(inherited)",
					"@executable_path/Frameworks",
					"@loader_path/Frameworks",
				);
				PRODUCT_BUNDLE_IDENTIFIER = com.ebuniapps.PayLeashUITests;
				PRODUCT_NAME = "$(TARGET_NAME)";
				SWIFT_VERSION = 5.0;
				TARGETED_DEVICE_FAMILY = "1,2";
				TEST_TARGET_NAME = PayLeash;
			};
			name = Release;
		};
/* End XCBuildConfiguration section */

/* Begin XCConfigurationList section */
		66F9001925E56411009F961F /* Build configuration list for PBXProject "PayLeash" */ = {
			isa = XCConfigurationList;
			buildConfigurations = (
				66F9004925E56413009F961F /* Debug */,
				66F9004A25E56413009F961F /* Release */,
			);
			defaultConfigurationIsVisible = 0;
			defaultConfigurationName = Release;
		};
		66F9004B25E56413009F961F /* Build configuration list for PBXNativeTarget "PayLeash" */ = {
			isa = XCConfigurationList;
			buildConfigurations = (
				66F9004C25E56413009F961F /* Debug */,
				66F9004D25E56413009F961F /* Release */,
			);
			defaultConfigurationIsVisible = 0;
			defaultConfigurationName = Release;
		};
		66F9004E25E56413009F961F /* Build configuration list for PBXNativeTarget "PayLeashTests" */ = {
			isa = XCConfigurationList;
			buildConfigurations = (
				66F9004F25E56413009F961F /* Debug */,
				66F9005025E56413009F961F /* Release */,
			);
			defaultConfigurationIsVisible = 0;
			defaultConfigurationName = Release;
		};
		66F9005125E56413009F961F /* Build configuration list for PBXNativeTarget "PayLeashUITests" */ = {
			isa = XCConfigurationList;
			buildConfigurations = (
				66F9005225E56413009F961F /* Debug */,
				66F9005325E56413009F961F /* Release */,
			);
			defaultConfigurationIsVisible = 0;
			defaultConfigurationName = Release;
		};
/* End XCConfigurationList section */

/* Begin XCRemoteSwiftPackageReference section */
		6619257225FA3B5C002F4D2A /* XCRemoteSwiftPackageReference "SwiftUI-Introspect" */ = {
			isa = XCRemoteSwiftPackageReference;
			repositoryURL = "https://github.com/siteline/SwiftUI-Introspect.git";
			requirement = {
				kind = upToNextMajorVersion;
				minimumVersion = 0.1.2;
			};
		};
		665408CC25F29AA700125A4F /* XCRemoteSwiftPackageReference "SwiftDate" */ = {
			isa = XCRemoteSwiftPackageReference;
			repositoryURL = "https://github.com/malcommac/SwiftDate.git";
			requirement = {
				kind = exactVersion;
				version = 6.0.2;
			};
		};
/* End XCRemoteSwiftPackageReference section */

/* Begin XCSwiftPackageProductDependency section */
		6619257325FA3B5C002F4D2A /* Introspect */ = {
			isa = XCSwiftPackageProductDependency;
			package = 6619257225FA3B5C002F4D2A /* XCRemoteSwiftPackageReference "SwiftUI-Introspect" */;
			productName = Introspect;
		};
		665408CD25F29AA700125A4F /* SwiftDate */ = {
			isa = XCSwiftPackageProductDependency;
			package = 665408CC25F29AA700125A4F /* XCRemoteSwiftPackageReference "SwiftDate" */;
			productName = SwiftDate;
		};
/* End XCSwiftPackageProductDependency section */

/* Begin XCVersionGroup section */
		66F9002725E56411009F961F /* PayLeash.xcdatamodeld */ = {
			isa = XCVersionGroup;
			children = (
				66F9002825E56411009F961F /* PayLeash.xcdatamodel */,
			);
			currentVersion = 66F9002825E56411009F961F /* PayLeash.xcdatamodel */;
			path = PayLeash.xcdatamodeld;
			sourceTree = "<group>";
			versionGroupType = wrapper.xcdatamodel;
		};
/* End XCVersionGroup section */
	};
	rootObject = 66F9001625E56411009F961F /* Project object */;
}
